
Microsoft Visual Studio Solution File, Format Version 12.00
# Visual Studio Version 17
VisualStudioVersion = 17.0.32112.339
MinimumVisualStudioVersion = 10.0.40219.1
Project("{FAE04EC0-301F-11D3-BF4B-00C04F79EFBC}") = "Net.Chat.Infrastructure", "Net.Chat.Infrastructure\Net.Chat.Infrastructure.csproj", "{AEA87950-0B21-4FA7-B4ED-BE4DEA262BAA}"
EndProject
Global
	GlobalSection(SolutionConfigurationPlatforms) = preSolution
		Debug|Any CPU = Debug|Any CPU
		Release|Any CPU = Release|Any CPU
	EndGlobalSection
	GlobalSection(ProjectConfigurationPlatforms) = postSolution
		{AEA87950-0B21-4FA7-B4ED-BE4DEA262BAA}.Debug|Any CPU.ActiveCfg = Debug|Any CPU
		{AEA87950-0B21-4FA7-B4ED-BE4DEA262BAA}.Debug|Any CPU.Build.0 = Debug|Any CPU
		{AEA87950-0B21-4FA7-B4ED-BE4DEA262BAA}.Release|Any CPU.ActiveCfg = Release|Any CPU
		{AEA87950-0B21-4FA7-B4ED-BE4DEA262BAA}.Release|Any CPU.Build.0 = Release|Any CPU
	EndGlobalSection
	GlobalSection(SolutionProperties) = preSolution
		HideSolutionNode = FALSE
	EndGlobalSection
	GlobalSection(ExtensibilityGlobals) = postSolution
		SolutionGuid = {55F4A570-2FE1-49C4-BDF6-C054AFE2DF2F}
	EndGlobalSection
EndGlobal
